// !$*UTF8*$!
{
	archiveVersion = 1;
	classes = {
	};
	objectVersion = 46;
	objects = {

/* Begin PBXBuildFile section */
		D831F1401A7E192F0014EDB1 /* AppDelegate.swift in Sources */ = {isa = PBXBuildFile; fileRef = D831F13F1A7E192F0014EDB1 /* AppDelegate.swift */; };
		D831F1451A7E192F0014EDB1 /* Main.storyboard in Resources */ = {isa = PBXBuildFile; fileRef = D831F1431A7E192F0014EDB1 /* Main.storyboard */; };
		D831F1471A7E192F0014EDB1 /* Images.xcassets in Resources */ = {isa = PBXBuildFile; fileRef = D831F1461A7E192F0014EDB1 /* Images.xcassets */; };
		D831F14A1A7E192F0014EDB1 /* LaunchScreen.xib in Resources */ = {isa = PBXBuildFile; fileRef = D831F1481A7E192F0014EDB1 /* LaunchScreen.xib */; };
		D831F1561A7E192F0014EDB1 /* CodeAnchorTests.swift in Sources */ = {isa = PBXBuildFile; fileRef = D831F1551A7E192F0014EDB1 /* CodeAnchorTests.swift */; };
		D831F1601A7E197E0014EDB1 /* InfoViewController.swift in Sources */ = {isa = PBXBuildFile; fileRef = D831F15F1A7E197E0014EDB1 /* InfoViewController.swift */; };
		D831F1621A7E19990014EDB1 /* NavViewController.swift in Sources */ = {isa = PBXBuildFile; fileRef = D831F1611A7E19990014EDB1 /* NavViewController.swift */; };
		D831F1671A81B9B30014EDB1 /* Beacon.swift in Sources */ = {isa = PBXBuildFile; fileRef = D831F1661A81B9B30014EDB1 /* Beacon.swift */; };
		D831F1691A81BB9A0014EDB1 /* InfoBucket.swift in Sources */ = {isa = PBXBuildFile; fileRef = D831F1681A81BB9A0014EDB1 /* InfoBucket.swift */; };
		D831F16D1A81C16B0014EDB1 /* DemoDataLoader.swift in Sources */ = {isa = PBXBuildFile; fileRef = D831F16C1A81C16B0014EDB1 /* DemoDataLoader.swift */; };
		D831F16F1A81C1FD0014EDB1 /* DemoData.json in Resources */ = {isa = PBXBuildFile; fileRef = D831F16E1A81C1FD0014EDB1 /* DemoData.json */; };
		D84264681A877490009A6A35 /* NavDirectory.swift in Sources */ = {isa = PBXBuildFile; fileRef = D84264671A877490009A6A35 /* NavDirectory.swift */; };
		D842646A1A877622009A6A35 /* BeaconInfo.swift in Sources */ = {isa = PBXBuildFile; fileRef = D84264691A877622009A6A35 /* BeaconInfo.swift */; };
		D842646C1A877D66009A6A35 /* BeaconTableViewController.swift in Sources */ = {isa = PBXBuildFile; fileRef = D842646B1A877D66009A6A35 /* BeaconTableViewController.swift */; };
		D842646E1A877D9F009A6A35 /* BeaconInformationTVC.swift in Sources */ = {isa = PBXBuildFile; fileRef = D842646D1A877D9F009A6A35 /* BeaconInformationTVC.swift */; };
		D84264701A877DD9009A6A35 /* BeaconNavigationTVC.swift in Sources */ = {isa = PBXBuildFile; fileRef = D842646F1A877DD9009A6A35 /* BeaconNavigationTVC.swift */; };
		D84264721A877E01009A6A35 /* StepViewController.swift in Sources */ = {isa = PBXBuildFile; fileRef = D84264711A877E01009A6A35 /* StepViewController.swift */; };
		D84264741A878138009A6A35 /* SettingsTVC.swift in Sources */ = {isa = PBXBuildFile; fileRef = D84264731A878138009A6A35 /* SettingsTVC.swift */; };
		D84264761A878F00009A6A35 /* BeaconTabController.swift in Sources */ = {isa = PBXBuildFile; fileRef = D84264751A878F00009A6A35 /* BeaconTabController.swift */; };
		D8BE34771A8973BB001CAABE /* Compass.png in Resources */ = {isa = PBXBuildFile; fileRef = D8BE34761A8973BB001CAABE /* Compass.png */; };
		D8BE34791A897953001CAABE /* Gear.png in Resources */ = {isa = PBXBuildFile; fileRef = D8BE34781A897953001CAABE /* Gear.png */; };
		D8BE347B1A897975001CAABE /* Questionmark.png in Resources */ = {isa = PBXBuildFile; fileRef = D8BE347A1A897975001CAABE /* Questionmark.png */; };
		D8BFDAA11A9430BB00B88A09 /* Navicon.png in Resources */ = {isa = PBXBuildFile; fileRef = D8BFDAA01A9430BB00B88A09 /* Navicon.png */; };
		D8C0625B1A8A908B00622126 /* StepsNavController.swift in Sources */ = {isa = PBXBuildFile; fileRef = D8C0625A1A8A908B00622126 /* StepsNavController.swift */; };
		D8C358041AA650FA0026C601 /* HttpManager.swift in Sources */ = {isa = PBXBuildFile; fileRef = D8C358031AA650FA0026C601 /* HttpManager.swift */; };
		D8C358061AA653920026C601 /* HttpTestViewController.swift in Sources */ = {isa = PBXBuildFile; fileRef = D8C358051AA653920026C601 /* HttpTestViewController.swift */; };
		D8C3CEB41AA7E20C003F28DF /* DataManager.swift in Sources */ = {isa = PBXBuildFile; fileRef = D8C3CEB31AA7E20C003F28DF /* DataManager.swift */; };
/* End PBXBuildFile section */

/* Begin PBXContainerItemProxy section */
		D831F1501A7E192F0014EDB1 /* PBXContainerItemProxy */ = {
			isa = PBXContainerItemProxy;
			containerPortal = D831F1321A7E192F0014EDB1 /* Project object */;
			proxyType = 1;
			remoteGlobalIDString = D831F1391A7E192F0014EDB1;
			remoteInfo = CodeAnchor;
		};
/* End PBXContainerItemProxy section */

/* Begin PBXFileReference section */
		D831F13A1A7E192F0014EDB1 /* CodeAnchor.app */ = {isa = PBXFileReference; explicitFileType = wrapper.application; includeInIndex = 0; path = CodeAnchor.app; sourceTree = BUILT_PRODUCTS_DIR; };
		D831F13E1A7E192F0014EDB1 /* Info.plist */ = {isa = PBXFileReference; lastKnownFileType = text.plist.xml; path = Info.plist; sourceTree = "<group>"; };
		D831F13F1A7E192F0014EDB1 /* AppDelegate.swift */ = {isa = PBXFileReference; lastKnownFileType = sourcecode.swift; path = AppDelegate.swift; sourceTree = "<group>"; };
		D831F1441A7E192F0014EDB1 /* Base */ = {isa = PBXFileReference; lastKnownFileType = file.storyboard; name = Base; path = Base.lproj/Main.storyboard; sourceTree = "<group>"; };
		D831F1461A7E192F0014EDB1 /* Images.xcassets */ = {isa = PBXFileReference; lastKnownFileType = folder.assetcatalog; path = Images.xcassets; sourceTree = "<group>"; };
		D831F1491A7E192F0014EDB1 /* Base */ = {isa = PBXFileReference; lastKnownFileType = file.xib; name = Base; path = Base.lproj/LaunchScreen.xib; sourceTree = "<group>"; };
		D831F14F1A7E192F0014EDB1 /* CodeAnchorTests.xctest */ = {isa = PBXFileReference; explicitFileType = wrapper.cfbundle; includeInIndex = 0; path = CodeAnchorTests.xctest; sourceTree = BUILT_PRODUCTS_DIR; };
		D831F1541A7E192F0014EDB1 /* Info.plist */ = {isa = PBXFileReference; lastKnownFileType = text.plist.xml; path = Info.plist; sourceTree = "<group>"; };
		D831F1551A7E192F0014EDB1 /* CodeAnchorTests.swift */ = {isa = PBXFileReference; lastKnownFileType = sourcecode.swift; path = CodeAnchorTests.swift; sourceTree = "<group>"; };
		D831F15F1A7E197E0014EDB1 /* InfoViewController.swift */ = {isa = PBXFileReference; fileEncoding = 4; lastKnownFileType = sourcecode.swift; path = InfoViewController.swift; sourceTree = "<group>"; };
		D831F1611A7E19990014EDB1 /* NavViewController.swift */ = {isa = PBXFileReference; fileEncoding = 4; lastKnownFileType = sourcecode.swift; path = NavViewController.swift; sourceTree = "<group>"; };
		D831F1661A81B9B30014EDB1 /* Beacon.swift */ = {isa = PBXFileReference; fileEncoding = 4; lastKnownFileType = sourcecode.swift; path = Beacon.swift; sourceTree = "<group>"; };
		D831F1681A81BB9A0014EDB1 /* InfoBucket.swift */ = {isa = PBXFileReference; fileEncoding = 4; lastKnownFileType = sourcecode.swift; path = InfoBucket.swift; sourceTree = "<group>"; };
		D831F16C1A81C16B0014EDB1 /* DemoDataLoader.swift */ = {isa = PBXFileReference; fileEncoding = 4; lastKnownFileType = sourcecode.swift; path = DemoDataLoader.swift; sourceTree = "<group>"; };
		D831F16E1A81C1FD0014EDB1 /* DemoData.json */ = {isa = PBXFileReference; fileEncoding = 4; lastKnownFileType = text.json; path = DemoData.json; sourceTree = "<group>"; };
		D84264671A877490009A6A35 /* NavDirectory.swift */ = {isa = PBXFileReference; fileEncoding = 4; lastKnownFileType = sourcecode.swift; path = NavDirectory.swift; sourceTree = "<group>"; };
		D84264691A877622009A6A35 /* BeaconInfo.swift */ = {isa = PBXFileReference; fileEncoding = 4; lastKnownFileType = sourcecode.swift; path = BeaconInfo.swift; sourceTree = "<group>"; };
		D842646B1A877D66009A6A35 /* BeaconTableViewController.swift */ = {isa = PBXFileReference; fileEncoding = 4; lastKnownFileType = sourcecode.swift; path = BeaconTableViewController.swift; sourceTree = "<group>"; };
		D842646D1A877D9F009A6A35 /* BeaconInformationTVC.swift */ = {isa = PBXFileReference; fileEncoding = 4; lastKnownFileType = sourcecode.swift; path = BeaconInformationTVC.swift; sourceTree = "<group>"; };
		D842646F1A877DD9009A6A35 /* BeaconNavigationTVC.swift */ = {isa = PBXFileReference; fileEncoding = 4; lastKnownFileType = sourcecode.swift; path = BeaconNavigationTVC.swift; sourceTree = "<group>"; };
		D84264711A877E01009A6A35 /* StepViewController.swift */ = {isa = PBXFileReference; fileEncoding = 4; lastKnownFileType = sourcecode.swift; path = StepViewController.swift; sourceTree = "<group>"; };
		D84264731A878138009A6A35 /* SettingsTVC.swift */ = {isa = PBXFileReference; fileEncoding = 4; lastKnownFileType = sourcecode.swift; path = SettingsTVC.swift; sourceTree = "<group>"; };
		D84264751A878F00009A6A35 /* BeaconTabController.swift */ = {isa = PBXFileReference; fileEncoding = 4; lastKnownFileType = sourcecode.swift; path = BeaconTabController.swift; sourceTree = "<group>"; };
		D8BE34761A8973BB001CAABE /* Compass.png */ = {isa = PBXFileReference; lastKnownFileType = image.png; path = Compass.png; sourceTree = "<group>"; };
		D8BE34781A897953001CAABE /* Gear.png */ = {isa = PBXFileReference; lastKnownFileType = image.png; path = Gear.png; sourceTree = "<group>"; };
		D8BE347A1A897975001CAABE /* Questionmark.png */ = {isa = PBXFileReference; lastKnownFileType = image.png; path = Questionmark.png; sourceTree = "<group>"; };
		D8BFDAA01A9430BB00B88A09 /* Navicon.png */ = {isa = PBXFileReference; lastKnownFileType = image.png; path = Navicon.png; sourceTree = "<group>"; };
		D8C0625A1A8A908B00622126 /* StepsNavController.swift */ = {isa = PBXFileReference; fileEncoding = 4; lastKnownFileType = sourcecode.swift; path = StepsNavController.swift; sourceTree = "<group>"; };
		D8C358031AA650FA0026C601 /* HttpManager.swift */ = {isa = PBXFileReference; fileEncoding = 4; lastKnownFileType = sourcecode.swift; path = HttpManager.swift; sourceTree = "<group>"; };
		D8C358051AA653920026C601 /* HttpTestViewController.swift */ = {isa = PBXFileReference; fileEncoding = 4; lastKnownFileType = sourcecode.swift; path = HttpTestViewController.swift; sourceTree = "<group>"; };
		D8C3CEB31AA7E20C003F28DF /* DataManager.swift */ = {isa = PBXFileReference; fileEncoding = 4; lastKnownFileType = sourcecode.swift; path = DataManager.swift; sourceTree = "<group>"; };
/* End PBXFileReference section */

/* Begin PBXFrameworksBuildPhase section */
		D831F1371A7E192F0014EDB1 /* Frameworks */ = {
			isa = PBXFrameworksBuildPhase;
			buildActionMask = 2147483647;
			files = (
			);
			runOnlyForDeploymentPostprocessing = 0;
		};
		D831F14C1A7E192F0014EDB1 /* Frameworks */ = {
			isa = PBXFrameworksBuildPhase;
			buildActionMask = 2147483647;
			files = (
			);
			runOnlyForDeploymentPostprocessing = 0;
		};
/* End PBXFrameworksBuildPhase section */

/* Begin PBXGroup section */
		D831F1311A7E192F0014EDB1 = {
			isa = PBXGroup;
			children = (
				D831F13C1A7E192F0014EDB1 /* CodeAnchor */,
				D831F1521A7E192F0014EDB1 /* CodeAnchorTests */,
				D831F13B1A7E192F0014EDB1 /* Products */,
			);
			sourceTree = "<group>";
		};
		D831F13B1A7E192F0014EDB1 /* Products */ = {
			isa = PBXGroup;
			children = (
				D831F13A1A7E192F0014EDB1 /* CodeAnchor.app */,
				D831F14F1A7E192F0014EDB1 /* CodeAnchorTests.xctest */,
			);
			name = Products;
			sourceTree = "<group>";
		};
		D831F13C1A7E192F0014EDB1 /* CodeAnchor */ = {
			isa = PBXGroup;
			children = (
				D8BE34751A8973B1001CAABE /* Images */,
				D8BE34741A882F8D001CAABE /* Navigation */,
				D8BE34731A882F83001CAABE /* Information */,
				D831F16E1A81C1FD0014EDB1 /* DemoData.json */,
				D831F1651A81B9920014EDB1 /* Model */,
				D831F13F1A7E192F0014EDB1 /* AppDelegate.swift */,
				D831F1431A7E192F0014EDB1 /* Main.storyboard */,
				D831F1461A7E192F0014EDB1 /* Images.xcassets */,
				D831F1481A7E192F0014EDB1 /* LaunchScreen.xib */,
				D831F13D1A7E192F0014EDB1 /* Supporting Files */,
				D84264731A878138009A6A35 /* SettingsTVC.swift */,
				D84264751A878F00009A6A35 /* BeaconTabController.swift */,
				D8C358031AA650FA0026C601 /* HttpManager.swift */,
				D8C358051AA653920026C601 /* HttpTestViewController.swift */,
				D8C3CEB31AA7E20C003F28DF /* DataManager.swift */,
			);
			path = CodeAnchor;
			sourceTree = "<group>";
		};
		D831F13D1A7E192F0014EDB1 /* Supporting Files */ = {
			isa = PBXGroup;
			children = (
				D831F13E1A7E192F0014EDB1 /* Info.plist */,
			);
			name = "Supporting Files";
			sourceTree = "<group>";
		};
		D831F1521A7E192F0014EDB1 /* CodeAnchorTests */ = {
			isa = PBXGroup;
			children = (
				D831F1551A7E192F0014EDB1 /* CodeAnchorTests.swift */,
				D831F1531A7E192F0014EDB1 /* Supporting Files */,
			);
			path = CodeAnchorTests;
			sourceTree = "<group>";
		};
		D831F1531A7E192F0014EDB1 /* Supporting Files */ = {
			isa = PBXGroup;
			children = (
				D831F1541A7E192F0014EDB1 /* Info.plist */,
			);
			name = "Supporting Files";
			sourceTree = "<group>";
		};
		D831F1651A81B9920014EDB1 /* Model */ = {
			isa = PBXGroup;
			children = (
				D831F1661A81B9B30014EDB1 /* Beacon.swift */,
				D831F1681A81BB9A0014EDB1 /* InfoBucket.swift */,
				D831F16C1A81C16B0014EDB1 /* DemoDataLoader.swift */,
				D84264671A877490009A6A35 /* NavDirectory.swift */,
				D84264691A877622009A6A35 /* BeaconInfo.swift */,
			);
			name = Model;
			sourceTree = "<group>";
		};
		D8BE34731A882F83001CAABE /* Information */ = {
			isa = PBXGroup;
			children = (
				D831F15F1A7E197E0014EDB1 /* InfoViewController.swift */,
				D842646B1A877D66009A6A35 /* BeaconTableViewController.swift */,
				D842646D1A877D9F009A6A35 /* BeaconInformationTVC.swift */,
			);
			name = Information;
			sourceTree = "<group>";
		};
		D8BE34741A882F8D001CAABE /* Navigation */ = {
			isa = PBXGroup;
			children = (
				D831F1611A7E19990014EDB1 /* NavViewController.swift */,
				D84264711A877E01009A6A35 /* StepViewController.swift */,
				D842646F1A877DD9009A6A35 /* BeaconNavigationTVC.swift */,
				D8C0625A1A8A908B00622126 /* StepsNavController.swift */,
			);
			name = Navigation;
			sourceTree = "<group>";
		};
		D8BE34751A8973B1001CAABE /* Images */ = {
			isa = PBXGroup;
			children = (
				D8BFDAA01A9430BB00B88A09 /* Navicon.png */,
				D8BE347A1A897975001CAABE /* Questionmark.png */,
				D8BE34781A897953001CAABE /* Gear.png */,
				D8BE34761A8973BB001CAABE /* Compass.png */,
			);
			name = Images;
			sourceTree = "<group>";
		};
/* End PBXGroup section */

/* Begin PBXNativeTarget section */
		D831F1391A7E192F0014EDB1 /* CodeAnchor */ = {
			isa = PBXNativeTarget;
			buildConfigurationList = D831F1591A7E192F0014EDB1 /* Build configuration list for PBXNativeTarget "CodeAnchor" */;
			buildPhases = (
				D831F1361A7E192F0014EDB1 /* Sources */,
				D831F1371A7E192F0014EDB1 /* Frameworks */,
				D831F1381A7E192F0014EDB1 /* Resources */,
			);
			buildRules = (
			);
			dependencies = (
			);
			name = CodeAnchor;
			productName = CodeAnchor;
			productReference = D831F13A1A7E192F0014EDB1 /* CodeAnchor.app */;
			productType = "com.apple.product-type.application";
		};
		D831F14E1A7E192F0014EDB1 /* CodeAnchorTests */ = {
			isa = PBXNativeTarget;
			buildConfigurationList = D831F15C1A7E192F0014EDB1 /* Build configuration list for PBXNativeTarget "CodeAnchorTests" */;
			buildPhases = (
				D831F14B1A7E192F0014EDB1 /* Sources */,
				D831F14C1A7E192F0014EDB1 /* Frameworks */,
				D831F14D1A7E192F0014EDB1 /* Resources */,
			);
			buildRules = (
			);
			dependencies = (
				D831F1511A7E192F0014EDB1 /* PBXTargetDependency */,
			);
			name = CodeAnchorTests;
			productName = CodeAnchorTests;
			productReference = D831F14F1A7E192F0014EDB1 /* CodeAnchorTests.xctest */;
			productType = "com.apple.product-type.bundle.unit-test";
		};
/* End PBXNativeTarget section */

/* Begin PBXProject section */
		D831F1321A7E192F0014EDB1 /* Project object */ = {
			isa = PBXProject;
			attributes = {
				LastUpgradeCheck = 0610;
				ORGANIZATIONNAME = "Nathan Woodworth";
				TargetAttributes = {
					D831F1391A7E192F0014EDB1 = {
						CreatedOnToolsVersion = 6.1.1;
					};
					D831F14E1A7E192F0014EDB1 = {
						CreatedOnToolsVersion = 6.1.1;
						TestTargetID = D831F1391A7E192F0014EDB1;
					};
				};
			};
			buildConfigurationList = D831F1351A7E192F0014EDB1 /* Build configuration list for PBXProject "CodeAnchor" */;
			compatibilityVersion = "Xcode 3.2";
			developmentRegion = English;
			hasScannedForEncodings = 0;
			knownRegions = (
				en,
				Base,
			);
			mainGroup = D831F1311A7E192F0014EDB1;
			productRefGroup = D831F13B1A7E192F0014EDB1 /* Products */;
			projectDirPath = "";
			projectRoot = "";
			targets = (
				D831F1391A7E192F0014EDB1 /* CodeAnchor */,
				D831F14E1A7E192F0014EDB1 /* CodeAnchorTests */,
			);
		};
/* End PBXProject section */

/* Begin PBXResourcesBuildPhase section */
		D831F1381A7E192F0014EDB1 /* Resources */ = {
			isa = PBXResourcesBuildPhase;
			buildActionMask = 2147483647;
			files = (
				D831F16F1A81C1FD0014EDB1 /* DemoData.json in Resources */,
				D8BE347B1A897975001CAABE /* Questionmark.png in Resources */,
				D831F1451A7E192F0014EDB1 /* Main.storyboard in Resources */,
				D831F14A1A7E192F0014EDB1 /* LaunchScreen.xib in Resources */,
				D8BFDAA11A9430BB00B88A09 /* Navicon.png in Resources */,
				D831F1471A7E192F0014EDB1 /* Images.xcassets in Resources */,
				D8BE34791A897953001CAABE /* Gear.png in Resources */,
				D8BE34771A8973BB001CAABE /* Compass.png in Resources */,
			);
			runOnlyForDeploymentPostprocessing = 0;
		};
		D831F14D1A7E192F0014EDB1 /* Resources */ = {
			isa = PBXResourcesBuildPhase;
			buildActionMask = 2147483647;
			files = (
			);
			runOnlyForDeploymentPostprocessing = 0;
		};
/* End PBXResourcesBuildPhase section */

/* Begin PBXSourcesBuildPhase section */
		D831F1361A7E192F0014EDB1 /* Sources */ = {
			isa = PBXSourcesBuildPhase;
			buildActionMask = 2147483647;
			files = (
				D831F16D1A81C16B0014EDB1 /* DemoDataLoader.swift in Sources */,
				D831F1691A81BB9A0014EDB1 /* InfoBucket.swift in Sources */,
				D84264721A877E01009A6A35 /* StepViewController.swift in Sources */,
				D831F1601A7E197E0014EDB1 /* InfoViewController.swift in Sources */,
				D831F1621A7E19990014EDB1 /* NavViewController.swift in Sources */,
				D842646A1A877622009A6A35 /* BeaconInfo.swift in Sources */,
				D842646C1A877D66009A6A35 /* BeaconTableViewController.swift in Sources */,
				D8C3CEB41AA7E20C003F28DF /* DataManager.swift in Sources */,
				D8C358041AA650FA0026C601 /* HttpManager.swift in Sources */,
				D84264761A878F00009A6A35 /* BeaconTabController.swift in Sources */,
				D842646E1A877D9F009A6A35 /* BeaconInformationTVC.swift in Sources */,
				D84264741A878138009A6A35 /* SettingsTVC.swift in Sources */,
				D831F1401A7E192F0014EDB1 /* AppDelegate.swift in Sources */,
				D8C358061AA653920026C601 /* HttpTestViewController.swift in Sources */,
				D8C0625B1A8A908B00622126 /* StepsNavController.swift in Sources */,
				D84264701A877DD9009A6A35 /* BeaconNavigationTVC.swift in Sources */,
				D831F1671A81B9B30014EDB1 /* Beacon.swift in Sources */,
				D84264681A877490009A6A35 /* NavDirectory.swift in Sources */,
			);
			runOnlyForDeploymentPostprocessing = 0;
		};
		D831F14B1A7E192F0014EDB1 /* Sources */ = {
			isa = PBXSourcesBuildPhase;
			buildActionMask = 2147483647;
			files = (
				D831F1561A7E192F0014EDB1 /* CodeAnchorTests.swift in Sources */,
			);
			runOnlyForDeploymentPostprocessing = 0;
		};
/* End PBXSourcesBuildPhase section */

/* Begin PBXTargetDependency section */
		D831F1511A7E192F0014EDB1 /* PBXTargetDependency */ = {
			isa = PBXTargetDependency;
			target = D831F1391A7E192F0014EDB1 /* CodeAnchor */;
			targetProxy = D831F1501A7E192F0014EDB1 /* PBXContainerItemProxy */;
		};
/* End PBXTargetDependency section */

/* Begin PBXVariantGroup section */
		D831F1431A7E192F0014EDB1 /* Main.storyboard */ = {
			isa = PBXVariantGroup;
			children = (
				D831F1441A7E192F0014EDB1 /* Base */,
			);
			name = Main.storyboard;
			sourceTree = "<group>";
		};
		D831F1481A7E192F0014EDB1 /* LaunchScreen.xib */ = {
			isa = PBXVariantGroup;
			children = (
				D831F1491A7E192F0014EDB1 /* Base */,
			);
			name = LaunchScreen.xib;
			sourceTree = "<group>";
		};
/* End PBXVariantGroup section */

/* Begin XCBuildConfiguration section */
		D831F1571A7E192F0014EDB1 /* Debug */ = {
			isa = XCBuildConfiguration;
			buildSettings = {
				ALWAYS_SEARCH_USER_PATHS = NO;
				CLANG_CXX_LANGUAGE_STANDARD = "gnu++0x";
				CLANG_CXX_LIBRARY = "libc++";
				CLANG_ENABLE_MODULES = YES;
				CLANG_ENABLE_OBJC_ARC = YES;
				CLANG_WARN_BOOL_CONVERSION = YES;
				CLANG_WARN_CONSTANT_CONVERSION = YES;
				CLANG_WARN_DIRECT_OBJC_ISA_USAGE = YES_ERROR;
				CLANG_WARN_EMPTY_BODY = YES;
				CLANG_WARN_ENUM_CONVERSION = YES;
				CLANG_WARN_INT_CONVERSION = YES;
				CLANG_WARN_OBJC_ROOT_CLASS = YES_ERROR;
				CLANG_WARN_UNREACHABLE_CODE = YES;
				CLANG_WARN__DUPLICATE_METHOD_MATCH = YES;
				"CODE_SIGN_IDENTITY[sdk=iphoneos*]" = "iPhone Developer";
				COPY_PHASE_STRIP = NO;
				ENABLE_STRICT_OBJC_MSGSEND = YES;
				GCC_C_LANGUAGE_STANDARD = gnu99;
				GCC_DYNAMIC_NO_PIC = NO;
				GCC_OPTIMIZATION_LEVEL = 0;
				GCC_PREPROCESSOR_DEFINITIONS = (
					"DEBUG=1",
					"$(inherited)",
				);
				GCC_SYMBOLS_PRIVATE_EXTERN = NO;
				GCC_WARN_64_TO_32_BIT_CONVERSION = YES;
				GCC_WARN_ABOUT_RETURN_TYPE = YES_ERROR;
				GCC_WARN_UNDECLARED_SELECTOR = YES;
				GCC_WARN_UNINITIALIZED_AUTOS = YES_AGGRESSIVE;
				GCC_WARN_UNUSED_FUNCTION = YES;
				GCC_WARN_UNUSED_VARIABLE = YES;
				IPHONEOS_DEPLOYMENT_TARGET = 8.1;
				MTL_ENABLE_DEBUG_INFO = YES;
				ONLY_ACTIVE_ARCH = YES;
				SDKROOT = iphoneos;
				SWIFT_OPTIMIZATION_LEVEL = "-Onone";
			};
			name = Debug;
		};
		D831F1581A7E192F0014EDB1 /* Release */ = {
			isa = XCBuildConfiguration;
			buildSettings = {
				ALWAYS_SEARCH_USER_PATHS = NO;
				CLANG_CXX_LANGUAGE_STANDARD = "gnu++0x";
				CLANG_CXX_LIBRARY = "libc++";
				CLANG_ENABLE_MODULES = YES;
				CLANG_ENABLE_OBJC_ARC = YES;
				CLANG_WARN_BOOL_CONVERSION = YES;
				CLANG_WARN_CONSTANT_CONVERSION = YES;
				CLANG_WARN_DIRECT_OBJC_ISA_USAGE = YES_ERROR;
				CLANG_WARN_EMPTY_BODY = YES;
				CLANG_WARN_ENUM_CONVERSION = YES;
				CLANG_WARN_INT_CONVERSION = YES;
				CLANG_WARN_OBJC_ROOT_CLASS = YES_ERROR;
				CLANG_WARN_UNREACHABLE_CODE = YES;
				CLANG_WARN__DUPLICATE_METHOD_MATCH = YES;
				"CODE_SIGN_IDENTITY[sdk=iphoneos*]" = "iPhone Developer";
				COPY_PHASE_STRIP = YES;
				ENABLE_NS_ASSERTIONS = NO;
				ENABLE_STRICT_OBJC_MSGSEND = YES;
				GCC_C_LANGUAGE_STANDARD = gnu99;
				GCC_WARN_64_TO_32_BIT_CONVERSION = YES;
				GCC_WARN_ABOUT_RETURN_TYPE = YES_ERROR;
				GCC_WARN_UNDECLARED_SELECTOR = YES;
				GCC_WARN_UNINITIALIZED_AUTOS = YES_AGGRESSIVE;
				GCC_WARN_UNUSED_FUNCTION = YES;
				GCC_WARN_UNUSED_VARIABLE = YES;
				IPHONEOS_DEPLOYMENT_TARGET = 8.1;
				MTL_ENABLE_DEBUG_INFO = NO;
				SDKROOT = iphoneos;
				VALIDATE_PRODUCT = YES;
			};
			name = Release;
		};
		D831F15A1A7E192F0014EDB1 /* Debug */ = {
			isa = XCBuildConfiguration;
			buildSettings = {
				ASSETCATALOG_COMPILER_APPICON_NAME = AppIcon;
				INFOPLIST_FILE = CodeAnchor/Info.plist;
				LD_RUNPATH_SEARCH_PATHS = "$(inherited) @executable_path/Frameworks";
				PRODUCT_NAME = "$(TARGET_NAME)";
			};
			name = Debug;
		};
		D831F15B1A7E192F0014EDB1 /* Release */ = {
			isa = XCBuildConfiguration;
			buildSettings = {
				ASSETCATALOG_COMPILER_APPICON_NAME = AppIcon;
				INFOPLIST_FILE = CodeAnchor/Info.plist;
				LD_RUNPATH_SEARCH_PATHS = "$(inherited) @executable_path/Frameworks";
				PRODUCT_NAME = "$(TARGET_NAME)";
			};
			name = Release;
		};
		D831F15D1A7E192F0014EDB1 /* Debug */ = {
			isa = XCBuildConfiguration;
			buildSettings = {
				BUNDLE_LOADER = "$(TEST_HOST)";
				FRAMEWORK_SEARCH_PATHS = (
					"$(SDKROOT)/Developer/Library/Frameworks",
					"$(inherited)",
				);
				GCC_PREPROCESSOR_DEFINITIONS = (
					"DEBUG=1",
					"$(inherited)",
				);
				INFOPLIST_FILE = CodeAnchorTests/Info.plist;
				LD_RUNPATH_SEARCH_PATHS = "$(inherited) @executable_path/Frameworks @loader_path/Frameworks";
				PRODUCT_NAME = "$(TARGET_NAME)";
				TEST_HOST = "$(BUILT_PRODUCTS_DIR)/CodeAnchor.app/CodeAnchor";
			};
			name = Debug;
		};
		D831F15E1A7E192F0014EDB1 /* Release */ = {
			isa = XCBuildConfiguration;
			buildSettings = {
				BUNDLE_LOADER = "$(TEST_HOST)";
				FRAMEWORK_SEARCH_PATHS = (
					"$(SDKROOT)/Developer/Library/Frameworks",
					"$(inherited)",
				);
				INFOPLIST_FILE = CodeAnchorTests/Info.plist;
				LD_RUNPATH_SEARCH_PATHS = "$(inherited) @executable_path/Frameworks @loader_path/Frameworks";
				PRODUCT_NAME = "$(TARGET_NAME)";
				TEST_HOST = "$(BUILT_PRODUCTS_DIR)/CodeAnchor.app/CodeAnchor";
			};
			name = Release;
		};
/* End XCBuildConfiguration section */

/* Begin XCConfigurationList section */
		D831F1351A7E192F0014EDB1 /* Build configuration list for PBXProject "CodeAnchor" */ = {
			isa = XCConfigurationList;
			buildConfigurations = (
				D831F1571A7E192F0014EDB1 /* Debug */,
				D831F1581A7E192F0014EDB1 /* Release */,
			);
			defaultConfigurationIsVisible = 0;
			defaultConfigurationName = Release;
		};
		D831F1591A7E192F0014EDB1 /* Build configuration list for PBXNativeTarget "CodeAnchor" */ = {
			isa = XCConfigurationList;
			buildConfigurations = (
				D831F15A1A7E192F0014EDB1 /* Debug */,
				D831F15B1A7E192F0014EDB1 /* Release */,
			);
			defaultConfigurationIsVisible = 0;
			defaultConfigurationName = Release;
		};
		D831F15C1A7E192F0014EDB1 /* Build configuration list for PBXNativeTarget "CodeAnchorTests" */ = {
			isa = XCConfigurationList;
			buildConfigurations = (
				D831F15D1A7E192F0014EDB1 /* Debug */,
				D831F15E1A7E192F0014EDB1 /* Release */,
			);
			defaultConfigurationIsVisible = 0;
			defaultConfigurationName = Release;
		};
/* End XCConfigurationList section */
	};
	rootObject = D831F1321A7E192F0014EDB1 /* Project object */;
}
